// !$*UTF8*$!
{
"archiveVersion" = 1;
"classes" = {
};
"objectVersion" = 56;
"objects" = {
"B70EF8F287B988A45022836E" = {
"isa" = "PBXFileReference";
"lastKnownFileType" = "sourcecode.swift";
"path" = "App.swift";
"sourceTree" = "<group>";
};
"C3E0EEF853DEF9F3EB17A92C" = {
"isa" = "PBXBuildFile";
"fileRef" = "B70EF8F287B988A45022836E";
};
"25BD0F6E9754BE41EBA0F7D7" = {
"isa" = "PBXFileReference";
"lastKnownFileType" = "sourcecode.swift";
"path" = "CounterView.swift";
"sourceTree" = "<group>";
};
"13745076EEFF527BE87CACAB" = {
"isa" = "PBXBuildFile";
"fileRef" = "25BD0F6E9754BE41EBA0F7D7";
};
"A8792157CB4F27FB949C035F" = {
"isa" = "PBXFileReference";
"explicitFileType" = "wrapper.application";
"path" = "NativeCounter.app";
"sourceTree" = "BUILT_PRODUCTS_DIR";
};
"0A3E27B8CA818264D75C8D81" = {
"isa" = "PBXGroup";
"children" = ("A8792157CB4F27FB949C035F",);
"name" = "Products";
"sourceTree" = "<group>";
};
"AD936FCBED631FA67E05C3EA" = {
"isa" = "PBXGroup";
"children" = ("B70EF8F287B988A45022836E","25BD0F6E9754BE41EBA0F7D7","0A3E27B8CA818264D75C8D81",);
"sourceTree" = "<group>";
};
"878A52FC5FF6A57D50B7B870" = {
"isa" = "PBXSourcesBuildPhase";
"buildActionMask" = 2147483647;
"files" = ("C3E0EEF853DEF9F3EB17A92C","13745076EEFF527BE87CACAB",);
"runOnlyForDeploymentPostprocessing" = 0;
};
"E2AA269EB967A8853A258BFA" = {
"isa" = "PBXFrameworksBuildPhase";
"buildActionMask" = 2147483647;
"files" = ();
"runOnlyForDeploymentPostprocessing" = 0;
};
"D8D075E19BC719CF039DF370" = {
"isa" = "XCBuildConfiguration";
"name" = "Debug";
"buildSettings" = {
"PRODUCT_NAME" = "$(TARGET_NAME)";
"PRODUCT_BUNDLE_IDENTIFIER" = "com.hmigbot.fixture.counter";
"GENERATE_INFOPLIST_FILE" = "YES";
"INFOPLIST_KEY_UILaunchScreen_Generation" = "YES";
"INFOPLIST_KEY_UIApplicationSceneManifest_Generation" = "YES";
"CURRENT_PROJECT_VERSION" = "1";
"MARKETING_VERSION" = "1.0";
"TARGETED_DEVICE_FAMILY" = "1,2";
"SWIFT_EMIT_LOC_STRINGS" = "YES";
};
};
"1DF896593BB27C16FC34C410" = {
"isa" = "XCBuildConfiguration";
"name" = "Release";
"buildSettings" = {
"PRODUCT_NAME" = "$(TARGET_NAME)";
"PRODUCT_BUNDLE_IDENTIFIER" = "com.hmigbot.fixture.counter";
"GENERATE_INFOPLIST_FILE" = "YES";
"INFOPLIST_KEY_UILaunchScreen_Generation" = "YES";
"INFOPLIST_KEY_UIApplicationSceneManifest_Generation" = "YES";
"CURRENT_PROJECT_VERSION" = "1";
"MARKETING_VERSION" = "1.0";
"TARGETED_DEVICE_FAMILY" = "1,2";
"SWIFT_EMIT_LOC_STRINGS" = "YES";
};
};
"1B672BF3DA427763BF644BE3" = {
"isa" = "XCConfigurationList";
"buildConfigurations" = ("D8D075E19BC719CF039DF370","1DF896593BB27C16FC34C410",);
"defaultConfigurationIsVisible" = 0;
"defaultConfigurationName" = "Release";
};
"34A04005BCAF206EEC990BD9" = {
"isa" = "PBXNativeTarget";
"name" = "NativeCounter";
"productName" = "NativeCounter";
"productReference" = "A8792157CB4F27FB949C035F";
"productType" = "com.apple.product-type.application";
"buildPhases" = ("878A52FC5FF6A57D50B7B870","E2AA269EB967A8853A258BFA",);
"buildRules" = ();
"dependencies" = ();
"buildConfigurationList" = "1B672BF3DA427763BF644BE3";
};
"A75D2EDB0E2AFF506C86EA27" = {
"isa" = "XCBuildConfiguration";
"name" = "Debug";
"buildSettings" = {
"SWIFT_VERSION" = "5.0";
"IPHONEOS_DEPLOYMENT_TARGET" = "17.0";
"SDKROOT" = "iphoneos";
"CLANG_ENABLE_MODULES" = "YES";
"CLANG_ENABLE_OBJC_ARC" = "YES";
"SWIFT_OPTIMIZATION_LEVEL" = "-Onone";
};
};
"3B21672FCD60586F1335CC7B" = {
"isa" = "XCBuildConfiguration";
"name" = "Release";
"buildSettings" = {
"SWIFT_VERSION" = "5.0";
"IPHONEOS_DEPLOYMENT_TARGET" = "17.0";
"SDKROOT" = "iphoneos";
"CLANG_ENABLE_MODULES" = "YES";
"CLANG_ENABLE_OBJC_ARC" = "YES";
"SWIFT_OPTIMIZATION_LEVEL" = "-Onone";
};
};
"76F8DEC3DFE0BDB465198890" = {
"isa" = "XCConfigurationList";
"buildConfigurations" = ("A75D2EDB0E2AFF506C86EA27","3B21672FCD60586F1335CC7B",);
"defaultConfigurationIsVisible" = 0;
"defaultConfigurationName" = "Release";
};
"244210E48437B6556980A702" = {
"isa" = "PBXProject";
"attributes" = {
"LastUpgradeCheck" = "1600";
};
"buildConfigurationList" = "76F8DEC3DFE0BDB465198890";
"compatibilityVersion" = "Xcode 14.0";
"developmentRegion" = "en";
"knownRegions" = ("en","Base",);
"mainGroup" = "AD936FCBED631FA67E05C3EA";
"productRefGroup" = "0A3E27B8CA818264D75C8D81";
"projectDirPath" = "";
"projectRoot" = "";
"targets" = ("34A04005BCAF206EEC990BD9",);
};
};
"rootObject" = "244210E48437B6556980A702";
}
